// !$*UTF8*$!
{
	archiveVersion = 1;
	classes = {
	};
	objectVersion = 56;
	objects = {

/* Begin PBXBuildFile section */
		9EB6BE162AF6552F00871B0B /* PaddingSample.swift in Sources */ = {isa = PBXBuildFile; fileRef = 9EB6BE152AF6552F00871B0B /* PaddingSample.swift */; };
		9EB6BE182AF65B7100871B0B /* SpacersSample.swift in Sources */ = {isa = PBXBuildFile; fileRef = 9EB6BE172AF65B7100871B0B /* SpacersSample.swift */; };
		9EB6BE1A2AF6663B00871B0B /* LoopsSample.swift in Sources */ = {isa = PBXBuildFile; fileRef = 9EB6BE192AF6663B00871B0B /* LoopsSample.swift */; };
		9EBD193E2AF50469008406CE /* SwiftUIBasicsApp.swift in Sources */ = {isa = PBXBuildFile; fileRef = 9EBD193D2AF50469008406CE /* SwiftUIBasicsApp.swift */; };
		9EBD19402AF50469008406CE /* ContentView.swift in Sources */ = {isa = PBXBuildFile; fileRef = 9EBD193F2AF50469008406CE /* ContentView.swift */; };
		9EBD19422AF5046A008406CE /* Assets.xcassets in Resources */ = {isa = PBXBuildFile; fileRef = 9EBD19412AF5046A008406CE /* Assets.xcassets */; };
		9EBD19452AF5046A008406CE /* Preview Assets.xcassets in Resources */ = {isa = PBXBuildFile; fileRef = 9EBD19442AF5046A008406CE /* Preview Assets.xcassets */; };
		9EBD194C2AF509D2008406CE /* TextSample.swift in Sources */ = {isa = PBXBuildFile; fileRef = 9EBD194B2AF509D2008406CE /* TextSample.swift */; };
		9EBD194E2AF50ABF008406CE /* ShapesSample.swift in Sources */ = {isa = PBXBuildFile; fileRef = 9EBD194D2AF50ABF008406CE /* ShapesSample.swift */; };
		9EBD19502AF513C2008406CE /* ColorsSample.swift in Sources */ = {isa = PBXBuildFile; fileRef = 9EBD194F2AF513C2008406CE /* ColorsSample.swift */; };
		9EBD19522AF51B48008406CE /* ImagesSample.swift in Sources */ = {isa = PBXBuildFile; fileRef = 9EBD19512AF51B48008406CE /* ImagesSample.swift */; };
		9EBD19542AF51EC6008406CE /* ImagesSample2.swift in Sources */ = {isa = PBXBuildFile; fileRef = 9EBD19532AF51EC6008406CE /* ImagesSample2.swift */; };
		9EBD19562AF5222A008406CE /* StacksSample.swift in Sources */ = {isa = PBXBuildFile; fileRef = 9EBD19552AF5222A008406CE /* StacksSample.swift */; };
/* End PBXBuildFile section */

/* Begin PBXFileReference section */
		9EB6BE152AF6552F00871B0B /* PaddingSample.swift */ = {isa = PBXFileReference; lastKnownFileType = sourcecode.swift; path = PaddingSample.swift; sourceTree = "<group>"; };
		9EB6BE172AF65B7100871B0B /* SpacersSample.swift */ = {isa = PBXFileReference; lastKnownFileType = sourcecode.swift; path = SpacersSample.swift; sourceTree = "<group>"; };
		9EB6BE192AF6663B00871B0B /* LoopsSample.swift */ = {isa = PBXFileReference; lastKnownFileType = sourcecode.swift; path = LoopsSample.swift; sourceTree = "<group>"; };
		9EBD193A2AF50469008406CE /* SwiftUIBasics.app */ = {isa = PBXFileReference; explicitFileType = wrapper.application; includeInIndex = 0; path = SwiftUIBasics.app; sourceTree = BUILT_PRODUCTS_DIR; };
		9EBD193D2AF50469008406CE /* SwiftUIBasicsApp.swift */ = {isa = PBXFileReference; lastKnownFileType = sourcecode.swift; path = SwiftUIBasicsApp.swift; sourceTree = "<group>"; };
		9EBD193F2AF50469008406CE /* ContentView.swift */ = {isa = PBXFileReference; lastKnownFileType = sourcecode.swift; path = ContentView.swift; sourceTree = "<group>"; };
		9EBD19412AF5046A008406CE /* Assets.xcassets */ = {isa = PBXFileReference; lastKnownFileType = folder.assetcatalog; path = Assets.xcassets; sourceTree = "<group>"; };
		9EBD19442AF5046A008406CE /* Preview Assets.xcassets */ = {isa = PBXFileReference; lastKnownFileType = folder.assetcatalog; path = "Preview Assets.xcassets"; sourceTree = "<group>"; };
		9EBD194B2AF509D2008406CE /* TextSample.swift */ = {isa = PBXFileReference; lastKnownFileType = sourcecode.swift; path = TextSample.swift; sourceTree = "<group>"; };
		9EBD194D2AF50ABF008406CE /* ShapesSample.swift */ = {isa = PBXFileReference; lastKnownFileType = sourcecode.swift; path = ShapesSample.swift; sourceTree = "<group>"; };
		9EBD194F2AF513C2008406CE /* ColorsSample.swift */ = {isa = PBXFileReference; lastKnownFileType = sourcecode.swift; path = ColorsSample.swift; sourceTree = "<group>"; };
		9EBD19512AF51B48008406CE /* ImagesSample.swift */ = {isa = PBXFileReference; lastKnownFileType = sourcecode.swift; path = ImagesSample.swift; sourceTree = "<group>"; };
		9EBD19532AF51EC6008406CE /* ImagesSample2.swift */ = {isa = PBXFileReference; lastKnownFileType = sourcecode.swift; path = ImagesSample2.swift; sourceTree = "<group>"; };
		9EBD19552AF5222A008406CE /* StacksSample.swift */ = {isa = PBXFileReference; lastKnownFileType = sourcecode.swift; path = StacksSample.swift; sourceTree = "<group>"; };
/* End PBXFileReference section */

/* Begin PBXFrameworksBuildPhase section */
		9EBD19372AF50469008406CE /* Frameworks */ = {
			isa = PBXFrameworksBuildPhase;
			buildActionMask = 2147483647;
			files = (
			);
			runOnlyForDeploymentPostprocessing = 0;
		};
/* End PBXFrameworksBuildPhase section */

/* Begin PBXGroup section */
		9EBD19312AF50469008406CE = {
			isa = PBXGroup;
			children = (
				9EBD193C2AF50469008406CE /* SwiftUIBasics */,
				9EBD193B2AF50469008406CE /* Products */,
			);
			sourceTree = "<group>";
		};
		9EBD193B2AF50469008406CE /* Products */ = {
			isa = PBXGroup;
			children = (
				9EBD193A2AF50469008406CE /* SwiftUIBasics.app */,
			);
			name = Products;
			sourceTree = "<group>";
		};
		9EBD193C2AF50469008406CE /* SwiftUIBasics */ = {
			isa = PBXGroup;
			children = (
				9EBD193D2AF50469008406CE /* SwiftUIBasicsApp.swift */,
				9EBD193F2AF50469008406CE /* ContentView.swift */,
				9EBD19412AF5046A008406CE /* Assets.xcassets */,
				9EBD19432AF5046A008406CE /* Preview Content */,
				9EBD194B2AF509D2008406CE /* TextSample.swift */,
				9EBD194D2AF50ABF008406CE /* ShapesSample.swift */,
				9EBD194F2AF513C2008406CE /* ColorsSample.swift */,
				9EBD19512AF51B48008406CE /* ImagesSample.swift */,
				9EBD19532AF51EC6008406CE /* ImagesSample2.swift */,
				9EBD19552AF5222A008406CE /* StacksSample.swift */,
				9EB6BE152AF6552F00871B0B /* PaddingSample.swift */,
				9EB6BE172AF65B7100871B0B /* SpacersSample.swift */,
				9EB6BE192AF6663B00871B0B /* LoopsSample.swift */,
			);
			path = SwiftUIBasics;
			sourceTree = "<group>";
		};
		9EBD19432AF5046A008406CE /* Preview Content */ = {
			isa = PBXGroup;
			children = (
				9EBD19442AF5046A008406CE /* Preview Assets.xcassets */,
			);
			path = "Preview Content";
			sourceTree = "<group>";
		};
/* End PBXGroup section */

/* Begin PBXNativeTarget section */
		9EBD19392AF50469008406CE /* SwiftUIBasics */ = {
			isa = PBXNativeTarget;
			buildConfigurationList = 9EBD19482AF5046A008406CE /* Build configuration list for PBXNativeTarget "SwiftUIBasics" */;
			buildPhases = (
				9EBD19362AF50469008406CE /* Sources */,
				9EBD19372AF50469008406CE /* Frameworks */,
				9EBD19382AF50469008406CE /* Resources */,
			);
			buildRules = (
			);
			dependencies = (
			);
			name = SwiftUIBasics;
			productName = SwiftUIBasics;
			productReference = 9EBD193A2AF50469008406CE /* SwiftUIBasics.app */;
			productType = "com.apple.product-type.application";
		};
/* End PBXNativeTarget section */

/* Begin PBXProject section */
		9EBD19322AF50469008406CE /* Project object */ = {
			isa = PBXProject;
			attributes = {
				BuildIndependentTargetsInParallel = 1;
				LastSwiftUpdateCheck = 1500;
				LastUpgradeCheck = 1500;
				TargetAttributes = {
					9EBD19392AF50469008406CE = {
						CreatedOnToolsVersion = 15.0.1;
					};
				};
			};
			buildConfigurationList = 9EBD19352AF50469008406CE /* Build configuration list for PBXProject "SwiftUIBasics" */;
			compatibilityVersion = "Xcode 14.0";
			developmentRegion = en;
			hasScannedForEncodings = 0;
			knownRegions = (
				en,
				Base,
			);
			mainGroup = 9EBD19312AF50469008406CE;
			productRefGroup = 9EBD193B2AF50469008406CE /* Products */;
			projectDirPath = "";
			projectRoot = "";
			targets = (
				9EBD19392AF50469008406CE /* SwiftUIBasics */,
			);
		};
/* End PBXProject section */

/* Begin PBXResourcesBuildPhase section */
		9EBD19382AF50469008406CE /* Resources */ = {
			isa = PBXResourcesBuildPhase;
			buildActionMask = 2147483647;
			files = (
				9EBD19452AF5046A008406CE /* Preview Assets.xcassets in Resources */,
				9EBD19422AF5046A008406CE /* Assets.xcassets in Resources */,
			);
			runOnlyForDeploymentPostprocessing = 0;
		};
/* End PBXResourcesBuildPhase section */

/* Begin PBXSourcesBuildPhase section */
		9EBD19362AF50469008406CE /* Sources */ = {
			isa = PBXSourcesBuildPhase;
			buildActionMask = 2147483647;
			files = (
				9EBD19562AF5222A008406CE /* StacksSample.swift in Sources */,
				9EB6BE1A2AF6663B00871B0B /* LoopsSample.swift in Sources */,
				9EB6BE182AF65B7100871B0B /* SpacersSample.swift in Sources */,
				9EBD19402AF50469008406CE /* ContentView.swift in Sources */,
				9EBD19542AF51EC6008406CE /* ImagesSample2.swift in Sources */,
				9EBD194C2AF509D2008406CE /* TextSample.swift in Sources */,
				9EBD19502AF513C2008406CE /* ColorsSample.swift in Sources */,
				9EBD19522AF51B48008406CE /* ImagesSample.swift in Sources */,
				9EBD193E2AF50469008406CE /* SwiftUIBasicsApp.swift in Sources */,
				9EBD194E2AF50ABF008406CE /* ShapesSample.swift in Sources */,
				9EB6BE162AF6552F00871B0B /* PaddingSample.swift in Sources */,
			);
			runOnlyForDeploymentPostprocessing = 0;
		};
/* End PBXSourcesBuildPhase section */

/* Begin XCBuildConfiguration section */
		9EBD19462AF5046A008406CE /* Debug */ = {
			isa = XCBuildConfiguration;
			buildSettings = {
				ALWAYS_SEARCH_USER_PATHS = NO;
				ASSETCATALOG_COMPILER_GENERATE_SWIFT_ASSET_SYMBOL_EXTENSIONS = YES;
				CLANG_ANALYZER_NONNULL = YES;
				CLANG_ANALYZER_NUMBER_OBJECT_CONVERSION = YES_AGGRESSIVE;
				CLANG_CXX_LANGUAGE_STANDARD = "gnu++20";
				CLANG_ENABLE_MODULES = YES;
				CLANG_ENABLE_OBJC_ARC = YES;
				CLANG_ENABLE_OBJC_WEAK = YES;
				CLANG_WARN_BLOCK_CAPTURE_AUTORELEASING = YES;
				CLANG_WARN_BOOL_CONVERSION = YES;
				CLANG_WARN_COMMA = YES;
				CLANG_WARN_CONSTANT_CONVERSION = YES;
				CLANG_WARN_DEPRECATED_OBJC_IMPLEMENTATIONS = YES;
				CLANG_WARN_DIRECT_OBJC_ISA_USAGE = YES_ERROR;
				CLANG_WARN_DOCUMENTATION_COMMENTS = YES;
				CLANG_WARN_EMPTY_BODY = YES;
				CLANG_WARN_ENUM_CONVERSION = YES;
				CLANG_WARN_INFINITE_RECURSION = YES;
				CLANG_WARN_INT_CONVERSION = YES;
				CLANG_WARN_NON_LITERAL_NULL_CONVERSION = YES;
				CLANG_WARN_OBJC_IMPLICIT_RETAIN_SELF = YES;
				CLANG_WARN_OBJC_LITERAL_CONVERSION = YES;
				CLANG_WARN_OBJC_ROOT_CLASS = YES_ERROR;
				CLANG_WARN_QUOTED_INCLUDE_IN_FRAMEWORK_HEADER = YES;
				CLANG_WARN_RANGE_LOOP_ANALYSIS = YES;
				CLANG_WARN_STRICT_PROTOTYPES = YES;
				CLANG_WARN_SUSPICIOUS_MOVE = YES;
				CLANG_WARN_UNGUARDED_AVAILABILITY = YES_AGGRESSIVE;
				CLANG_WARN_UNREACHABLE_CODE = YES;
				CLANG_WARN__DUPLICATE_METHOD_MATCH = YES;
				COPY_PHASE_STRIP = NO;
				DEBUG_INFORMATION_FORMAT = dwarf;
				ENABLE_STRICT_OBJC_MSGSEND = YES;
				ENABLE_TESTABILITY = YES;
				ENABLE_USER_SCRIPT_SANDBOXING = YES;
				GCC_C_LANGUAGE_STANDARD = gnu17;
				GCC_DYNAMIC_NO_PIC = NO;
				GCC_NO_COMMON_BLOCKS = YES;
				GCC_OPTIMIZATION_LEVEL = 0;
				GCC_PREPROCESSOR_DEFINITIONS = (
					"DEBUG=1",
					"$(inherited)",
				);
				GCC_WARN_64_TO_32_BIT_CONVERSION = YES;
				GCC_WARN_ABOUT_RETURN_TYPE = YES_ERROR;
				GCC_WARN_UNDECLARED_SELECTOR = YES;
				GCC_WARN_UNINITIALIZED_AUTOS = YES_AGGRESSIVE;
				GCC_WARN_UNUSED_FUNCTION = YES;
				GCC_WARN_UNUSED_VARIABLE = YES;
				IPHONEOS_DEPLOYMENT_TARGET = 17.0;
				LOCALIZATION_PREFERS_STRING_CATALOGS = YES;
				MTL_ENABLE_DEBUG_INFO = INCLUDE_SOURCE;
				MTL_FAST_MATH = YES;
				ONLY_ACTIVE_ARCH = YES;
				SDKROOT = iphoneos;
				SWIFT_ACTIVE_COMPILATION_CONDITIONS = "DEBUG $(inherited)";
				SWIFT_OPTIMIZATION_LEVEL = "-Onone";
			};
			name = Debug;
		};
		9EBD19472AF5046A008406CE /* Release */ = {
			isa = XCBuildConfiguration;
			buildSettings = {
				ALWAYS_SEARCH_USER_PATHS = NO;
				ASSETCATALOG_COMPILER_GENERATE_SWIFT_ASSET_SYMBOL_EXTENSIONS = YES;
				CLANG_ANALYZER_NONNULL = YES;
				CLANG_ANALYZER_NUMBER_OBJECT_CONVERSION = YES_AGGRESSIVE;
				CLANG_CXX_LANGUAGE_STANDARD = "gnu++20";
				CLANG_ENABLE_MODULES = YES;
				CLANG_ENABLE_OBJC_ARC = YES;
				CLANG_ENABLE_OBJC_WEAK = YES;
				CLANG_WARN_BLOCK_CAPTURE_AUTORELEASING = YES;
				CLANG_WARN_BOOL_CONVERSION = YES;
				CLANG_WARN_COMMA = YES;
				CLANG_WARN_CONSTANT_CONVERSION = YES;
				CLANG_WARN_DEPRECATED_OBJC_IMPLEMENTATIONS = YES;
				CLANG_WARN_DIRECT_OBJC_ISA_USAGE = YES_ERROR;
				CLANG_WARN_DOCUMENTATION_COMMENTS = YES;
				CLANG_WARN_EMPTY_BODY = YES;
				CLANG_WARN_ENUM_CONVERSION = YES;
				CLANG_WARN_INFINITE_RECURSION = YES;
				CLANG_WARN_INT_CONVERSION = YES;
				CLANG_WARN_NON_LITERAL_NULL_CONVERSION = YES;
				CLANG_WARN_OBJC_IMPLICIT_RETAIN_SELF = YES;
				CLANG_WARN_OBJC_LITERAL_CONVERSION = YES;
				CLANG_WARN_OBJC_ROOT_CLASS = YES_ERROR;
				CLANG_WARN_QUOTED_INCLUDE_IN_FRAMEWORK_HEADER = YES;
				CLANG_WARN_RANGE_LOOP_ANALYSIS = YES;
				CLANG_WARN_STRICT_PROTOTYPES = YES;
				CLANG_WARN_SUSPICIOUS_MOVE = YES;
				CLANG_WARN_UNGUARDED_AVAILABILITY = YES_AGGRESSIVE;
				CLANG_WARN_UNREACHABLE_CODE = YES;
				CLANG_WARN__DUPLICATE_METHOD_MATCH = YES;
				COPY_PHASE_STRIP = NO;
				DEBUG_INFORMATION_FORMAT = "dwarf-with-dsym";
				ENABLE_NS_ASSERTIONS = NO;
				ENABLE_STRICT_OBJC_MSGSEND = YES;
				ENABLE_USER_SCRIPT_SANDBOXING = YES;
				GCC_C_LANGUAGE_STANDARD = gnu17;
				GCC_NO_COMMON_BLOCKS = YES;
				GCC_WARN_64_TO_32_BIT_CONVERSION = YES;
				GCC_WARN_ABOUT_RETURN_TYPE = YES_ERROR;
				GCC_WARN_UNDECLARED_SELECTOR = YES;
				GCC_WARN_UNINITIALIZED_AUTOS = YES_AGGRESSIVE;
				GCC_WARN_UNUSED_FUNCTION = YES;
				GCC_WARN_UNUSED_VARIABLE = YES;
				IPHONEOS_DEPLOYMENT_TARGET = 17.0;
				LOCALIZATION_PREFERS_STRING_CATALOGS = YES;
				MTL_ENABLE_DEBUG_INFO = NO;
				MTL_FAST_MATH = YES;
				SDKROOT = iphoneos;
				SWIFT_COMPILATION_MODE = wholemodule;
				VALIDATE_PRODUCT = YES;
			};
			name = Release;
		};
		9EBD19492AF5046A008406CE /* Debug */ = {
			isa = XCBuildConfiguration;
			buildSettings = {
				ASSETCATALOG_COMPILER_APPICON_NAME = AppIcon;
				ASSETCATALOG_COMPILER_GLOBAL_ACCENT_COLOR_NAME = AccentColor;
				CODE_SIGN_STYLE = Automatic;
				CURRENT_PROJECT_VERSION = 1;
				DEVELOPMENT_ASSET_PATHS = "\"SwiftUIBasics/Preview Content\"";
				DEVELOPMENT_TEAM = W24A4VSSJA;
				ENABLE_PREVIEWS = YES;
				GENERATE_INFOPLIST_FILE = YES;
				INFOPLIST_KEY_UIApplicationSceneManifest_Generation = YES;
				INFOPLIST_KEY_UIApplicationSupportsIndirectInputEvents = YES;
				INFOPLIST_KEY_UILaunchScreen_Generation = YES;
				INFOPLIST_KEY_UISupportedInterfaceOrientations_iPad = "UIInterfaceOrientationPortrait UIInterfaceOrientationPortraitUpsideDown UIInterfaceOrientationLandscapeLeft UIInterfaceOrientationLandscapeRight";
				INFOPLIST_KEY_UISupportedInterfaceOrientations_iPhone = "UIInterfaceOrientationPortrait UIInterfaceOrientationLandscapeLeft UIInterfaceOrientationLandscapeRight";
				LD_RUNPATH_SEARCH_PATHS = (
					"$(inherited)",
					"@executable_path/Frameworks",
				);
				MARKETING_VERSION = 1.0;
				PRODUCT_BUNDLE_IDENTIFIER = AppStuff.SwiftUIBasics;
				PRODUCT_NAME = "$(TARGET_NAME)";
				SWIFT_EMIT_LOC_STRINGS = YES;
				SWIFT_VERSION = 5.0;
				TARGETED_DEVICE_FAMILY = "1,2";
			};
			name = Debug;
		};
		9EBD194A2AF5046A008406CE /* Release */ = {
			isa = XCBuildConfiguration;
			buildSettings = {
				ASSETCATALOG_COMPILER_APPICON_NAME = AppIcon;
				ASSETCATALOG_COMPILER_GLOBAL_ACCENT_COLOR_NAME = AccentColor;
				CODE_SIGN_STYLE = Automatic;
				CURRENT_PROJECT_VERSION = 1;
				DEVELOPMENT_ASSET_PATHS = "\"SwiftUIBasics/Preview Content\"";
				DEVELOPMENT_TEAM = W24A4VSSJA;
				ENABLE_PREVIEWS = YES;
				GENERATE_INFOPLIST_FILE = YES;
				INFOPLIST_KEY_UIApplicationSceneManifest_Generation = YES;
				INFOPLIST_KEY_UIApplicationSupportsIndirectInputEvents = YES;
				INFOPLIST_KEY_UILaunchScreen_Generation = YES;
				INFOPLIST_KEY_UISupportedInterfaceOrientations_iPad = "UIInterfaceOrientationPortrait UIInterfaceOrientationPortraitUpsideDown UIInterfaceOrientationLandscapeLeft UIInterfaceOrientationLandscapeRight";
				INFOPLIST_KEY_UISupportedInterfaceOrientations_iPhone = "UIInterfaceOrientationPortrait UIInterfaceOrientationLandscapeLeft UIInterfaceOrientationLandscapeRight";
				LD_RUNPATH_SEARCH_PATHS = (
					"$(inherited)",
					"@executable_path/Frameworks",
				);
				MARKETING_VERSION = 1.0;
				PRODUCT_BUNDLE_IDENTIFIER = AppStuff.SwiftUIBasics;
				PRODUCT_NAME = "$(TARGET_NAME)";
				SWIFT_EMIT_LOC_STRINGS = YES;
				SWIFT_VERSION = 5.0;
				TARGETED_DEVICE_FAMILY = "1,2";
			};
			name = Release;
		};
/* End XCBuildConfiguration section */

/* Begin XCConfigurationList section */
		9EBD19352AF50469008406CE /* Build configuration list for PBXProject "SwiftUIBasics" */ = {
			isa = XCConfigurationList;
			buildConfigurations = (
				9EBD19462AF5046A008406CE /* Debug */,
				9EBD19472AF5046A008406CE /* Release */,
			);
			defaultConfigurationIsVisible = 0;
			defaultConfigurationName = Release;
		};
		9EBD19482AF5046A008406CE /* Build configuration list for PBXNativeTarget "SwiftUIBasics" */ = {
			isa = XCConfigurationList;
			buildConfigurations = (
				9EBD19492AF5046A008406CE /* Debug */,
				9EBD194A2AF5046A008406CE /* Release */,
			);
			defaultConfigurationIsVisible = 0;
			defaultConfigurationName = Release;
		};
/* End XCConfigurationList section */
	};
	rootObject = 9EBD19322AF50469008406CE /* Project object */;
}
